hash: 29041904ba17e478400f6c56b7899d67fd0a3a4a88ed01512bce1ea2e034ee19
updated: 2016-07-22T10:05:34.191394802-04:00
imports:
- name: github.com/cloudfoundry-incubator/candiedyaml
  version: 99c3df83b51532e3615f851d8c2dbb638f5313bf
- name: github.com/ghetzel/cli
  version: 4733699ce30faa633c4db36ebfbe427963593d7d
- name: github.com/ghetzel/go-stockutil
  version: 000932cb943aad1690319465e4e21bfbdaf1eb34
  subpackages:
  - stringutil
  - maputil
  - sliceutil
- name: github.com/ghodss/yaml
  version: aa0c862057666179de291b67d9f093d12b5a8473
- name: github.com/julienschmidt/httprouter
  version: fb79d6a91d3e4a9ecb6d945b218d78fc0d9b1939
- name: github.com/op/go-logging
  version: 970db520ece77730c7e4724c61121037378659d9
- name: github.com/rs/cors
  version: a62a804a8a009876ca59105f7899938a1349f4b3
- name: github.com/rs/xhandler
  version: ed27b6fd65218132ee50cd95f38474a3d8a2cd12
- name: github.com/urfave/negroni
  version: dc6b9d037e8dab60cbfc09c61d6932537829be8b
- name: golang.org/x/net
  version: 4d38db76854b199960801a1734443fd02870d7e1
  subpackages:
  - context
- name: gopkg.in/olivere/elastic.v3
  version: f7ae701daf3abe5dfb99f57b3f47738ec93c9c26
  subpackages:
  - backoff
  - uritemplates
devImports: []
